{
  "object": {
    "pins": [
      {
        "package": "llbuild",
        "repositoryURL": "https://github.com/SDGGiesbrecht/swift-llbuild.git",
        "state": {
          "branch": null,
          "revision": "ef2e9ba657fd0a4e6e25fff05051b328bf27aeaf",
          "version": "0.50302.0"
        }
      },
      {
        "package": "SwiftPM",
        "repositoryURL": "https://github.com/SDGGiesbrecht/swift-package-manager.git",
        "state": {
          "branch": null,
          "revision": "86462d782b5c4546ad1dfeb8e6fc3ca05d6ccd61",
          "version": "0.50302.0"
        }
      },
      {
        "package": "swift-tools-support-core",
        "repositoryURL": "https://github.com/SDGGiesbrecht/swift-tools-support-core.git",
        "state": {
          "branch": null,
          "revision": "8c3dfd42a36d0416345143eae4567d9314c12246",
          "version": "0.50302.0"
        }
      }
    ]
  },
  "version": 1
}
